
Microsoft Visual Studio Solution File, Format Version 12.00
# Visual Studio 14
VisualStudioVersion = 14.0.25123.0
MinimumVisualStudioVersion = 10.0.40219.1
Project("{FAE04EC0-301F-11D3-BF4B-00C04F79EFBC}") = "HelloXamarinWeb.Droid", "HelloXamarinWeb\HelloXamarinWeb.Droid\HelloXamarinWeb.Droid.csproj", "{A755C5B6-F7AB-41E8-9075-5434A2F4D1B0}"
EndProject
Project("{FAE04EC0-301F-11D3-BF4B-00C04F79EFBC}") = "HelloXamarinWeb.iOS", "HelloXamarinWeb\HelloXamarinWeb.iOS\HelloXamarinWeb.iOS.csproj", "{2FB03CEA-E683-4186-8419-7A462A85DF5E}"
EndProject
Project("{FAE04EC0-301F-11D3-BF4B-00C04F79EFBC}") = "HelloXamarinWeb.WinPhone", "HelloXamarinWeb\HelloXamarinWeb.WinPhone\HelloXamarinWeb.WinPhone.csproj", "{CFD45CFE-E317-4FDE-A2D2-CA74CE96658E}"
EndProject
Project("{FAE04EC0-301F-11D3-BF4B-00C04F79EFBC}") = "HelloXamarinWeb.UWP", "HelloXamarinWeb\HelloXamarinWeb.UWP\HelloXamarinWeb.UWP.csproj", "{D12AA653-240C-4F24-93E3-782386EA8766}"
EndProject
Project("{FAE04EC0-301F-11D3-BF4B-00C04F79EFBC}") = "HelloXamarinWeb.Windows", "HelloXamarinWeb\HelloXamarinWeb.Windows\HelloXamarinWeb.Windows.csproj", "{AB556278-3B41-4D30-92B2-ECECA005E816}"
EndProject
Project("{FAE04EC0-301F-11D3-BF4B-00C04F79EFBC}") = "HelloXamarinWeb", "HelloXamarinWeb\HelloXamarinWeb\HelloXamarinWeb.csproj", "{B5C84C67-4813-4FB6-A04A-567EF8313F9E}"
EndProject
Global
	GlobalSection(SolutionConfigurationPlatforms) = preSolution
		Ad-Hoc|Any CPU = Ad-Hoc|Any CPU
		Ad-Hoc|ARM = Ad-Hoc|ARM
		Ad-Hoc|iPhone = Ad-Hoc|iPhone
		Ad-Hoc|iPhoneSimulator = Ad-Hoc|iPhoneSimulator
		Ad-Hoc|x64 = Ad-Hoc|x64
		Ad-Hoc|x86 = Ad-Hoc|x86
		AppStore|Any CPU = AppStore|Any CPU
		AppStore|ARM = AppStore|ARM
		AppStore|iPhone = AppStore|iPhone
		AppStore|iPhoneSimulator = AppStore|iPhoneSimulator
		AppStore|x64 = AppStore|x64
		AppStore|x86 = AppStore|x86
		Debug|Any CPU = Debug|Any CPU
		Debug|ARM = Debug|ARM
		Debug|iPhone = Debug|iPhone
		Debug|iPhoneSimulator = Debug|iPhoneSimulator
		Debug|x64 = Debug|x64
		Debug|x86 = Debug|x86
		Release|Any CPU = Release|Any CPU
		Release|ARM = Release|ARM
		Release|iPhone = Release|iPhone
		Release|iPhoneSimulator = Release|iPhoneSimulator
		Release|x64 = Release|x64
		Release|x86 = Release|x86
	EndGlobalSection
	GlobalSection(ProjectConfigurationPlatforms) = postSolution
		{A755C5B6-F7AB-41E8-9075-5434A2F4D1B0}.Ad-Hoc|Any CPU.ActiveCfg = Release|Any CPU
		{A755C5B6-F7AB-41E8-9075-5434A2F4D1B0}.Ad-Hoc|Any CPU.Build.0 = Release|Any CPU
		{A755C5B6-F7AB-41E8-9075-5434A2F4D1B0}.Ad-Hoc|Any CPU.Deploy.0 = Release|Any CPU
		{A755C5B6-F7AB-41E8-9075-5434A2F4D1B0}.Ad-Hoc|ARM.ActiveCfg = Release|Any CPU
		{A755C5B6-F7AB-41E8-9075-5434A2F4D1B0}.Ad-Hoc|ARM.Build.0 = Release|Any CPU
		{A755C5B6-F7AB-41E8-9075-5434A2F4D1B0}.Ad-Hoc|ARM.Deploy.0 = Release|Any CPU
		{A755C5B6-F7AB-41E8-9075-5434A2F4D1B0}.Ad-Hoc|iPhone.ActiveCfg = Release|Any CPU
		{A755C5B6-F7AB-41E8-9075-5434A2F4D1B0}.Ad-Hoc|iPhone.Build.0 = Release|Any CPU
		{A755C5B6-F7AB-41E8-9075-5434A2F4D1B0}.Ad-Hoc|iPhone.Deploy.0 = Release|Any CPU
		{A755C5B6-F7AB-41E8-9075-5434A2F4D1B0}.Ad-Hoc|iPhoneSimulator.ActiveCfg = Release|Any CPU
		{A755C5B6-F7AB-41E8-9075-5434A2F4D1B0}.Ad-Hoc|iPhoneSimulator.Build.0 = Release|Any CPU
		{A755C5B6-F7AB-41E8-9075-5434A2F4D1B0}.Ad-Hoc|iPhoneSimulator.Deploy.0 = Release|Any CPU
		{A755C5B6-F7AB-41E8-9075-5434A2F4D1B0}.Ad-Hoc|x64.ActiveCfg = Release|Any CPU
		{A755C5B6-F7AB-41E8-9075-5434A2F4D1B0}.Ad-Hoc|x64.Build.0 = Release|Any CPU
		{A755C5B6-F7AB-41E8-9075-5434A2F4D1B0}.Ad-Hoc|x64.Deploy.0 = Release|Any CPU
		{A755C5B6-F7AB-41E8-9075-5434A2F4D1B0}.Ad-Hoc|x86.ActiveCfg = Release|Any CPU
		{A755C5B6-F7AB-41E8-9075-5434A2F4D1B0}.Ad-Hoc|x86.Build.0 = Release|Any CPU
		{A755C5B6-F7AB-41E8-9075-5434A2F4D1B0}.Ad-Hoc|x86.Deploy.0 = Release|Any CPU
		{A755C5B6-F7AB-41E8-9075-5434A2F4D1B0}.AppStore|Any CPU.ActiveCfg = Release|Any CPU
		{A755C5B6-F7AB-41E8-9075-5434A2F4D1B0}.AppStore|Any CPU.Build.0 = Release|Any CPU
		{A755C5B6-F7AB-41E8-9075-5434A2F4D1B0}.AppStore|Any CPU.Deploy.0 = Release|Any CPU
		{A755C5B6-F7AB-41E8-9075-5434A2F4D1B0}.AppStore|ARM.ActiveCfg = Release|Any CPU
		{A755C5B6-F7AB-41E8-9075-5434A2F4D1B0}.AppStore|ARM.Build.0 = Release|Any CPU
		{A755C5B6-F7AB-41E8-9075-5434A2F4D1B0}.AppStore|ARM.Deploy.0 = Release|Any CPU
		{A755C5B6-F7AB-41E8-9075-5434A2F4D1B0}.AppStore|iPhone.ActiveCfg = Release|Any CPU
		{A755C5B6-F7AB-41E8-9075-5434A2F4D1B0}.AppStore|iPhone.Build.0 = Release|Any CPU
		{A755C5B6-F7AB-41E8-9075-5434A2F4D1B0}.AppStore|iPhone.Deploy.0 = Release|Any CPU
		{A755C5B6-F7AB-41E8-9075-5434A2F4D1B0}.AppStore|iPhoneSimulator.ActiveCfg = Release|Any CPU
		{A755C5B6-F7AB-41E8-9075-5434A2F4D1B0}.AppStore|iPhoneSimulator.Build.0 = Release|Any CPU
		{A755C5B6-F7AB-41E8-9075-5434A2F4D1B0}.AppStore|iPhoneSimulator.Deploy.0 = Release|Any CPU
		{A755C5B6-F7AB-41E8-9075-5434A2F4D1B0}.AppStore|x64.ActiveCfg = Release|Any CPU
		{A755C5B6-F7AB-41E8-9075-5434A2F4D1B0}.AppStore|x64.Build.0 = Release|Any CPU
		{A755C5B6-F7AB-41E8-9075-5434A2F4D1B0}.AppStore|x64.Deploy.0 = Release|Any CPU
		{A755C5B6-F7AB-41E8-9075-5434A2F4D1B0}.AppStore|x86.ActiveCfg = Release|Any CPU
		{A755C5B6-F7AB-41E8-9075-5434A2F4D1B0}.AppStore|x86.Build.0 = Release|Any CPU
		{A755C5B6-F7AB-41E8-9075-5434A2F4D1B0}.AppStore|x86.Deploy.0 = Release|Any CPU
		{A755C5B6-F7AB-41E8-9075-5434A2F4D1B0}.Debug|Any CPU.ActiveCfg = Debug|Any CPU
		{A755C5B6-F7AB-41E8-9075-5434A2F4D1B0}.Debug|Any CPU.Build.0 = Debug|Any CPU
		{A755C5B6-F7AB-41E8-9075-5434A2F4D1B0}.Debug|Any CPU.Deploy.0 = Debug|Any CPU
		{A755C5B6-F7AB-41E8-9075-5434A2F4D1B0}.Debug|ARM.ActiveCfg = Debug|Any CPU
		{A755C5B6-F7AB-41E8-9075-5434A2F4D1B0}.Debug|ARM.Build.0 = Debug|Any CPU
		{A755C5B6-F7AB-41E8-9075-5434A2F4D1B0}.Debug|ARM.Deploy.0 = Debug|Any CPU
		{A755C5B6-F7AB-41E8-9075-5434A2F4D1B0}.Debug|iPhone.ActiveCfg = Debug|Any CPU
		{A755C5B6-F7AB-41E8-9075-5434A2F4D1B0}.Debug|iPhone.Build.0 = Debug|Any CPU
		{A755C5B6-F7AB-41E8-9075-5434A2F4D1B0}.Debug|iPhone.Deploy.0 = Debug|Any CPU
		{A755C5B6-F7AB-41E8-9075-5434A2F4D1B0}.Debug|iPhoneSimulator.ActiveCfg = Debug|Any CPU
		{A755C5B6-F7AB-41E8-9075-5434A2F4D1B0}.Debug|iPhoneSimulator.Build.0 = Debug|Any CPU
		{A755C5B6-F7AB-41E8-9075-5434A2F4D1B0}.Debug|iPhoneSimulator.Deploy.0 = Debug|Any CPU
		{A755C5B6-F7AB-41E8-9075-5434A2F4D1B0}.Debug|x64.ActiveCfg = Debug|Any CPU
		{A755C5B6-F7AB-41E8-9075-5434A2F4D1B0}.Debug|x64.Build.0 = Debug|Any CPU
		{A755C5B6-F7AB-41E8-9075-5434A2F4D1B0}.Debug|x64.Deploy.0 = Debug|Any CPU
		{A755C5B6-F7AB-41E8-9075-5434A2F4D1B0}.Debug|x86.ActiveCfg = Debug|Any CPU
		{A755C5B6-F7AB-41E8-9075-5434A2F4D1B0}.Debug|x86.Build.0 = Debug|Any CPU
		{A755C5B6-F7AB-41E8-9075-5434A2F4D1B0}.Debug|x86.Deploy.0 = Debug|Any CPU
		{A755C5B6-F7AB-41E8-9075-5434A2F4D1B0}.Release|Any CPU.ActiveCfg = Release|Any CPU
		{A755C5B6-F7AB-41E8-9075-5434A2F4D1B0}.Release|Any CPU.Build.0 = Release|Any CPU
		{A755C5B6-F7AB-41E8-9075-5434A2F4D1B0}.Release|Any CPU.Deploy.0 = Release|Any CPU
		{A755C5B6-F7AB-41E8-9075-5434A2F4D1B0}.Release|ARM.ActiveCfg = Release|Any CPU
		{A755C5B6-F7AB-41E8-9075-5434A2F4D1B0}.Release|ARM.Build.0 = Release|Any CPU
		{A755C5B6-F7AB-41E8-9075-5434A2F4D1B0}.Release|ARM.Deploy.0 = Release|Any CPU
		{A755C5B6-F7AB-41E8-9075-5434A2F4D1B0}.Release|iPhone.ActiveCfg = Release|Any CPU
		{A755C5B6-F7AB-41E8-9075-5434A2F4D1B0}.Release|iPhone.Build.0 = Release|Any CPU
		{A755C5B6-F7AB-41E8-9075-5434A2F4D1B0}.Release|iPhone.Deploy.0 = Release|Any CPU
		{A755C5B6-F7AB-41E8-9075-5434A2F4D1B0}.Release|iPhoneSimulator.ActiveCfg = Release|Any CPU
		{A755C5B6-F7AB-41E8-9075-5434A2F4D1B0}.Release|iPhoneSimulator.Build.0 = Release|Any CPU
		{A755C5B6-F7AB-41E8-9075-5434A2F4D1B0}.Release|iPhoneSimulator.Deploy.0 = Release|Any CPU
		{A755C5B6-F7AB-41E8-9075-5434A2F4D1B0}.Release|x64.ActiveCfg = Release|Any CPU
		{A755C5B6-F7AB-41E8-9075-5434A2F4D1B0}.Release|x64.Build.0 = Release|Any CPU
		{A755C5B6-F7AB-41E8-9075-5434A2F4D1B0}.Release|x64.Deploy.0 = Release|Any CPU
		{A755C5B6-F7AB-41E8-9075-5434A2F4D1B0}.Release|x86.ActiveCfg = Release|Any CPU
		{A755C5B6-F7AB-41E8-9075-5434A2F4D1B0}.Release|x86.Build.0 = Release|Any CPU
		{A755C5B6-F7AB-41E8-9075-5434A2F4D1B0}.Release|x86.Deploy.0 = Release|Any CPU
		{2FB03CEA-E683-4186-8419-7A462A85DF5E}.Ad-Hoc|Any CPU.ActiveCfg = Ad-Hoc|iPhone
		{2FB03CEA-E683-4186-8419-7A462A85DF5E}.Ad-Hoc|ARM.ActiveCfg = Ad-Hoc|iPhone
		{2FB03CEA-E683-4186-8419-7A462A85DF5E}.Ad-Hoc|iPhone.ActiveCfg = Ad-Hoc|iPhone
		{2FB03CEA-E683-4186-8419-7A462A85DF5E}.Ad-Hoc|iPhone.Build.0 = Ad-Hoc|iPhone
		{2FB03CEA-E683-4186-8419-7A462A85DF5E}.Ad-Hoc|iPhoneSimulator.ActiveCfg = Ad-Hoc|iPhoneSimulator
		{2FB03CEA-E683-4186-8419-7A462A85DF5E}.Ad-Hoc|iPhoneSimulator.Build.0 = Ad-Hoc|iPhoneSimulator
		{2FB03CEA-E683-4186-8419-7A462A85DF5E}.Ad-Hoc|x64.ActiveCfg = Ad-Hoc|iPhone
		{2FB03CEA-E683-4186-8419-7A462A85DF5E}.Ad-Hoc|x86.ActiveCfg = Ad-Hoc|iPhone
		{2FB03CEA-E683-4186-8419-7A462A85DF5E}.AppStore|Any CPU.ActiveCfg = AppStore|iPhone
		{2FB03CEA-E683-4186-8419-7A462A85DF5E}.AppStore|ARM.ActiveCfg = AppStore|iPhone
		{2FB03CEA-E683-4186-8419-7A462A85DF5E}.AppStore|iPhone.ActiveCfg = AppStore|iPhone
		{2FB03CEA-E683-4186-8419-7A462A85DF5E}.AppStore|iPhone.Build.0 = AppStore|iPhone
		{2FB03CEA-E683-4186-8419-7A462A85DF5E}.AppStore|iPhoneSimulator.ActiveCfg = AppStore|iPhoneSimulator
		{2FB03CEA-E683-4186-8419-7A462A85DF5E}.AppStore|iPhoneSimulator.Build.0 = AppStore|iPhoneSimulator
		{2FB03CEA-E683-4186-8419-7A462A85DF5E}.AppStore|x64.ActiveCfg = AppStore|iPhone
		{2FB03CEA-E683-4186-8419-7A462A85DF5E}.AppStore|x86.ActiveCfg = AppStore|iPhone
		{2FB03CEA-E683-4186-8419-7A462A85DF5E}.Debug|Any CPU.ActiveCfg = Debug|iPhone
		{2FB03CEA-E683-4186-8419-7A462A85DF5E}.Debug|ARM.ActiveCfg = Debug|iPhone
		{2FB03CEA-E683-4186-8419-7A462A85DF5E}.Debug|iPhone.ActiveCfg = Debug|iPhone
		{2FB03CEA-E683-4186-8419-7A462A85DF5E}.Debug|iPhone.Build.0 = Debug|iPhone
		{2FB03CEA-E683-4186-8419-7A462A85DF5E}.Debug|iPhoneSimulator.ActiveCfg = Debug|iPhoneSimulator
		{2FB03CEA-E683-4186-8419-7A462A85DF5E}.Debug|iPhoneSimulator.Build.0 = Debug|iPhoneSimulator
		{2FB03CEA-E683-4186-8419-7A462A85DF5E}.Debug|x64.ActiveCfg = Debug|iPhone
		{2FB03CEA-E683-4186-8419-7A462A85DF5E}.Debug|x86.ActiveCfg = Debug|iPhone
		{2FB03CEA-E683-4186-8419-7A462A85DF5E}.Release|Any CPU.ActiveCfg = Release|iPhone
		{2FB03CEA-E683-4186-8419-7A462A85DF5E}.Release|ARM.ActiveCfg = Release|iPhone
		{2FB03CEA-E683-4186-8419-7A462A85DF5E}.Release|iPhone.ActiveCfg = Release|iPhone
		{2FB03CEA-E683-4186-8419-7A462A85DF5E}.Release|iPhone.Build.0 = Release|iPhone
		{2FB03CEA-E683-4186-8419-7A462A85DF5E}.Release|iPhoneSimulator.ActiveCfg = Release|iPhoneSimulator
		{2FB03CEA-E683-4186-8419-7A462A85DF5E}.Release|iPhoneSimulator.Build.0 = Release|iPhoneSimulator
		{2FB03CEA-E683-4186-8419-7A462A85DF5E}.Release|x64.ActiveCfg = Release|iPhone
		{2FB03CEA-E683-4186-8419-7A462A85DF5E}.Release|x86.ActiveCfg = Release|iPhone
		{CFD45CFE-E317-4FDE-A2D2-CA74CE96658E}.Ad-Hoc|Any CPU.ActiveCfg = Release|Any CPU
		{CFD45CFE-E317-4FDE-A2D2-CA74CE96658E}.Ad-Hoc|Any CPU.Build.0 = Release|Any CPU
		{CFD45CFE-E317-4FDE-A2D2-CA74CE96658E}.Ad-Hoc|Any CPU.Deploy.0 = Release|Any CPU
		{CFD45CFE-E317-4FDE-A2D2-CA74CE96658E}.Ad-Hoc|ARM.ActiveCfg = Release|ARM
		{CFD45CFE-E317-4FDE-A2D2-CA74CE96658E}.Ad-Hoc|ARM.Build.0 = Release|ARM
		{CFD45CFE-E317-4FDE-A2D2-CA74CE96658E}.Ad-Hoc|ARM.Deploy.0 = Release|ARM
		{CFD45CFE-E317-4FDE-A2D2-CA74CE96658E}.Ad-Hoc|iPhone.ActiveCfg = Release|Any CPU
		{CFD45CFE-E317-4FDE-A2D2-CA74CE96658E}.Ad-Hoc|iPhone.Build.0 = Release|Any CPU
		{CFD45CFE-E317-4FDE-A2D2-CA74CE96658E}.Ad-Hoc|iPhone.Deploy.0 = Release|Any CPU
		{CFD45CFE-E317-4FDE-A2D2-CA74CE96658E}.Ad-Hoc|iPhoneSimulator.ActiveCfg = Release|Any CPU
		{CFD45CFE-E317-4FDE-A2D2-CA74CE96658E}.Ad-Hoc|iPhoneSimulator.Build.0 = Release|Any CPU
		{CFD45CFE-E317-4FDE-A2D2-CA74CE96658E}.Ad-Hoc|iPhoneSimulator.Deploy.0 = Release|Any CPU
		{CFD45CFE-E317-4FDE-A2D2-CA74CE96658E}.Ad-Hoc|x64.ActiveCfg = Release|Any CPU
		{CFD45CFE-E317-4FDE-A2D2-CA74CE96658E}.Ad-Hoc|x64.Build.0 = Release|Any CPU
		{CFD45CFE-E317-4FDE-A2D2-CA74CE96658E}.Ad-Hoc|x64.Deploy.0 = Release|Any CPU
		{CFD45CFE-E317-4FDE-A2D2-CA74CE96658E}.Ad-Hoc|x86.ActiveCfg = Release|x86
		{CFD45CFE-E317-4FDE-A2D2-CA74CE96658E}.Ad-Hoc|x86.Build.0 = Release|x86
		{CFD45CFE-E317-4FDE-A2D2-CA74CE96658E}.Ad-Hoc|x86.Deploy.0 = Release|x86
		{CFD45CFE-E317-4FDE-A2D2-CA74CE96658E}.AppStore|Any CPU.ActiveCfg = Release|Any CPU
		{CFD45CFE-E317-4FDE-A2D2-CA74CE96658E}.AppStore|Any CPU.Build.0 = Release|Any CPU
		{CFD45CFE-E317-4FDE-A2D2-CA74CE96658E}.AppStore|Any CPU.Deploy.0 = Release|Any CPU
		{CFD45CFE-E317-4FDE-A2D2-CA74CE96658E}.AppStore|ARM.ActiveCfg = Release|ARM
		{CFD45CFE-E317-4FDE-A2D2-CA74CE96658E}.AppStore|ARM.Build.0 = Release|ARM
		{CFD45CFE-E317-4FDE-A2D2-CA74CE96658E}.AppStore|ARM.Deploy.0 = Release|ARM
		{CFD45CFE-E317-4FDE-A2D2-CA74CE96658E}.AppStore|iPhone.ActiveCfg = Release|Any CPU
		{CFD45CFE-E317-4FDE-A2D2-CA74CE96658E}.AppStore|iPhone.Build.0 = Release|Any CPU
		{CFD45CFE-E317-4FDE-A2D2-CA74CE96658E}.AppStore|iPhone.Deploy.0 = Release|Any CPU
		{CFD45CFE-E317-4FDE-A2D2-CA74CE96658E}.AppStore|iPhoneSimulator.ActiveCfg = Release|Any CPU
		{CFD45CFE-E317-4FDE-A2D2-CA74CE96658E}.AppStore|iPhoneSimulator.Build.0 = Release|Any CPU
		{CFD45CFE-E317-4FDE-A2D2-CA74CE96658E}.AppStore|iPhoneSimulator.Deploy.0 = Release|Any CPU
		{CFD45CFE-E317-4FDE-A2D2-CA74CE96658E}.AppStore|x64.ActiveCfg = Release|Any CPU
		{CFD45CFE-E317-4FDE-A2D2-CA74CE96658E}.AppStore|x64.Build.0 = Release|Any CPU
		{CFD45CFE-E317-4FDE-A2D2-CA74CE96658E}.AppStore|x64.Deploy.0 = Release|Any CPU
		{CFD45CFE-E317-4FDE-A2D2-CA74CE96658E}.AppStore|x86.ActiveCfg = Release|x86
		{CFD45CFE-E317-4FDE-A2D2-CA74CE96658E}.AppStore|x86.Build.0 = Release|x86
		{CFD45CFE-E317-4FDE-A2D2-CA74CE96658E}.AppStore|x86.Deploy.0 = Release|x86
		{CFD45CFE-E317-4FDE-A2D2-CA74CE96658E}.Debug|Any CPU.ActiveCfg = Debug|Any CPU
		{CFD45CFE-E317-4FDE-A2D2-CA74CE96658E}.Debug|Any CPU.Build.0 = Debug|Any CPU
		{CFD45CFE-E317-4FDE-A2D2-CA74CE96658E}.Debug|Any CPU.Deploy.0 = Debug|Any CPU
		{CFD45CFE-E317-4FDE-A2D2-CA74CE96658E}.Debug|ARM.ActiveCfg = Debug|ARM
		{CFD45CFE-E317-4FDE-A2D2-CA74CE96658E}.Debug|ARM.Build.0 = Debug|ARM
		{CFD45CFE-E317-4FDE-A2D2-CA74CE96658E}.Debug|ARM.Deploy.0 = Debug|ARM
		{CFD45CFE-E317-4FDE-A2D2-CA74CE96658E}.Debug|iPhone.ActiveCfg = Debug|Any CPU
		{CFD45CFE-E317-4FDE-A2D2-CA74CE96658E}.Debug|iPhone.Build.0 = Debug|Any CPU
		{CFD45CFE-E317-4FDE-A2D2-CA74CE96658E}.Debug|iPhone.Deploy.0 = Debug|Any CPU
		{CFD45CFE-E317-4FDE-A2D2-CA74CE96658E}.Debug|iPhoneSimulator.ActiveCfg = Debug|Any CPU
		{CFD45CFE-E317-4FDE-A2D2-CA74CE96658E}.Debug|iPhoneSimulator.Build.0 = Debug|Any CPU
		{CFD45CFE-E317-4FDE-A2D2-CA74CE96658E}.Debug|iPhoneSimulator.Deploy.0 = Debug|Any CPU
		{CFD45CFE-E317-4FDE-A2D2-CA74CE96658E}.Debug|x64.ActiveCfg = Debug|Any CPU
		{CFD45CFE-E317-4FDE-A2D2-CA74CE96658E}.Debug|x64.Build.0 = Debug|Any CPU
		{CFD45CFE-E317-4FDE-A2D2-CA74CE96658E}.Debug|x64.Deploy.0 = Debug|Any CPU
		{CFD45CFE-E317-4FDE-A2D2-CA74CE96658E}.Debug|x86.ActiveCfg = Debug|x86
		{CFD45CFE-E317-4FDE-A2D2-CA74CE96658E}.Debug|x86.Build.0 = Debug|x86
		{CFD45CFE-E317-4FDE-A2D2-CA74CE96658E}.Debug|x86.Deploy.0 = Debug|x86
		{CFD45CFE-E317-4FDE-A2D2-CA74CE96658E}.Release|Any CPU.ActiveCfg = Release|Any CPU
		{CFD45CFE-E317-4FDE-A2D2-CA74CE96658E}.Release|Any CPU.Build.0 = Release|Any CPU
		{CFD45CFE-E317-4FDE-A2D2-CA74CE96658E}.Release|Any CPU.Deploy.0 = Release|Any CPU
		{CFD45CFE-E317-4FDE-A2D2-CA74CE96658E}.Release|ARM.ActiveCfg = Release|ARM
		{CFD45CFE-E317-4FDE-A2D2-CA74CE96658E}.Release|ARM.Build.0 = Release|ARM
		{CFD45CFE-E317-4FDE-A2D2-CA74CE96658E}.Release|ARM.Deploy.0 = Release|ARM
		{CFD45CFE-E317-4FDE-A2D2-CA74CE96658E}.Release|iPhone.ActiveCfg = Release|Any CPU
		{CFD45CFE-E317-4FDE-A2D2-CA74CE96658E}.Release|iPhone.Build.0 = Release|Any CPU
		{CFD45CFE-E317-4FDE-A2D2-CA74CE96658E}.Release|iPhone.Deploy.0 = Release|Any CPU
		{CFD45CFE-E317-4FDE-A2D2-CA74CE96658E}.Release|iPhoneSimulator.ActiveCfg = Release|Any CPU
		{CFD45CFE-E317-4FDE-A2D2-CA74CE96658E}.Release|iPhoneSimulator.Build.0 = Release|Any CPU
		{CFD45CFE-E317-4FDE-A2D2-CA74CE96658E}.Release|iPhoneSimulator.Deploy.0 = Release|Any CPU
		{CFD45CFE-E317-4FDE-A2D2-CA74CE96658E}.Release|x64.ActiveCfg = Release|Any CPU
		{CFD45CFE-E317-4FDE-A2D2-CA74CE96658E}.Release|x64.Build.0 = Release|Any CPU
		{CFD45CFE-E317-4FDE-A2D2-CA74CE96658E}.Release|x64.Deploy.0 = Release|Any CPU
		{CFD45CFE-E317-4FDE-A2D2-CA74CE96658E}.Release|x86.ActiveCfg = Release|x86
		{CFD45CFE-E317-4FDE-A2D2-CA74CE96658E}.Release|x86.Build.0 = Release|x86
		{CFD45CFE-E317-4FDE-A2D2-CA74CE96658E}.Release|x86.Deploy.0 = Release|x86
		{D12AA653-240C-4F24-93E3-782386EA8766}.Ad-Hoc|Any CPU.ActiveCfg = Release|x86
		{D12AA653-240C-4F24-93E3-782386EA8766}.Ad-Hoc|Any CPU.Build.0 = Release|x86
		{D12AA653-240C-4F24-93E3-782386EA8766}.Ad-Hoc|Any CPU.Deploy.0 = Release|x86
		{D12AA653-240C-4F24-93E3-782386EA8766}.Ad-Hoc|ARM.ActiveCfg = Release|ARM
		{D12AA653-240C-4F24-93E3-782386EA8766}.Ad-Hoc|ARM.Build.0 = Release|ARM
		{D12AA653-240C-4F24-93E3-782386EA8766}.Ad-Hoc|ARM.Deploy.0 = Release|ARM
		{D12AA653-240C-4F24-93E3-782386EA8766}.Ad-Hoc|iPhone.ActiveCfg = Release|x86
		{D12AA653-240C-4F24-93E3-782386EA8766}.Ad-Hoc|iPhone.Build.0 = Release|x86
		{D12AA653-240C-4F24-93E3-782386EA8766}.Ad-Hoc|iPhone.Deploy.0 = Release|x86
		{D12AA653-240C-4F24-93E3-782386EA8766}.Ad-Hoc|iPhoneSimulator.ActiveCfg = Release|x86
		{D12AA653-240C-4F24-93E3-782386EA8766}.Ad-Hoc|iPhoneSimulator.Build.0 = Release|x86
		{D12AA653-240C-4F24-93E3-782386EA8766}.Ad-Hoc|iPhoneSimulator.Deploy.0 = Release|x86
		{D12AA653-240C-4F24-93E3-782386EA8766}.Ad-Hoc|x64.ActiveCfg = Release|x64
		{D12AA653-240C-4F24-93E3-782386EA8766}.Ad-Hoc|x64.Build.0 = Release|x64
		{D12AA653-240C-4F24-93E3-782386EA8766}.Ad-Hoc|x64.Deploy.0 = Release|x64
		{D12AA653-240C-4F24-93E3-782386EA8766}.Ad-Hoc|x86.ActiveCfg = Release|x86
		{D12AA653-240C-4F24-93E3-782386EA8766}.Ad-Hoc|x86.Build.0 = Release|x86
		{D12AA653-240C-4F24-93E3-782386EA8766}.Ad-Hoc|x86.Deploy.0 = Release|x86
		{D12AA653-240C-4F24-93E3-782386EA8766}.AppStore|Any CPU.ActiveCfg = Release|x86
		{D12AA653-240C-4F24-93E3-782386EA8766}.AppStore|Any CPU.Build.0 = Release|x86
		{D12AA653-240C-4F24-93E3-782386EA8766}.AppStore|Any CPU.Deploy.0 = Release|x86
		{D12AA653-240C-4F24-93E3-782386EA8766}.AppStore|ARM.ActiveCfg = Release|ARM
		{D12AA653-240C-4F24-93E3-782386EA8766}.AppStore|ARM.Build.0 = Release|ARM
		{D12AA653-240C-4F24-93E3-782386EA8766}.AppStore|ARM.Deploy.0 = Release|ARM
		{D12AA653-240C-4F24-93E3-782386EA8766}.AppStore|iPhone.ActiveCfg = Release|x86
		{D12AA653-240C-4F24-93E3-782386EA8766}.AppStore|iPhone.Build.0 = Release|x86
		{D12AA653-240C-4F24-93E3-782386EA8766}.AppStore|iPhone.Deploy.0 = Release|x86
		{D12AA653-240C-4F24-93E3-782386EA8766}.AppStore|iPhoneSimulator.ActiveCfg = Release|x86
		{D12AA653-240C-4F24-93E3-782386EA8766}.AppStore|iPhoneSimulator.Build.0 = Release|x86
		{D12AA653-240C-4F24-93E3-782386EA8766}.AppStore|iPhoneSimulator.Deploy.0 = Release|x86
		{D12AA653-240C-4F24-93E3-782386EA8766}.AppStore|x64.ActiveCfg = Release|x64
		{D12AA653-240C-4F24-93E3-782386EA8766}.AppStore|x64.Build.0 = Release|x64
		{D12AA653-240C-4F24-93E3-782386EA8766}.AppStore|x64.Deploy.0 = Release|x64
		{D12AA653-240C-4F24-93E3-782386EA8766}.AppStore|x86.ActiveCfg = Release|x86
		{D12AA653-240C-4F24-93E3-782386EA8766}.AppStore|x86.Build.0 = Release|x86
		{D12AA653-240C-4F24-93E3-782386EA8766}.AppStore|x86.Deploy.0 = Release|x86
		{D12AA653-240C-4F24-93E3-782386EA8766}.Debug|Any CPU.ActiveCfg = Debug|x86
		{D12AA653-240C-4F24-93E3-782386EA8766}.Debug|ARM.ActiveCfg = Debug|ARM
		{D12AA653-240C-4F24-93E3-782386EA8766}.Debug|ARM.Build.0 = Debug|ARM
		{D12AA653-240C-4F24-93E3-782386EA8766}.Debug|ARM.Deploy.0 = Debug|ARM
		{D12AA653-240C-4F24-93E3-782386EA8766}.Debug|iPhone.ActiveCfg = Debug|x86
		{D12AA653-240C-4F24-93E3-782386EA8766}.Debug|iPhoneSimulator.ActiveCfg = Debug|x86
		{D12AA653-240C-4F24-93E3-782386EA8766}.Debug|x64.ActiveCfg = Debug|x64
		{D12AA653-240C-4F24-93E3-782386EA8766}.Debug|x64.Build.0 = Debug|x64
		{D12AA653-240C-4F24-93E3-782386EA8766}.Debug|x64.Deploy.0 = Debug|x64
		{D12AA653-240C-4F24-93E3-782386EA8766}.Debug|x86.ActiveCfg = Debug|x86
		{D12AA653-240C-4F24-93E3-782386EA8766}.Debug|x86.Build.0 = Debug|x86
		{D12AA653-240C-4F24-93E3-782386EA8766}.Debug|x86.Deploy.0 = Debug|x86
		{D12AA653-240C-4F24-93E3-782386EA8766}.Release|Any CPU.ActiveCfg = Release|x86
		{D12AA653-240C-4F24-93E3-782386EA8766}.Release|ARM.ActiveCfg = Release|ARM
		{D12AA653-240C-4F24-93E3-782386EA8766}.Release|ARM.Build.0 = Release|ARM
		{D12AA653-240C-4F24-93E3-782386EA8766}.Release|ARM.Deploy.0 = Release|ARM
		{D12AA653-240C-4F24-93E3-782386EA8766}.Release|iPhone.ActiveCfg = Release|x86
		{D12AA653-240C-4F24-93E3-782386EA8766}.Release|iPhoneSimulator.ActiveCfg = Release|x86
		{D12AA653-240C-4F24-93E3-782386EA8766}.Release|x64.ActiveCfg = Release|x64
		{D12AA653-240C-4F24-93E3-782386EA8766}.Release|x64.Build.0 = Release|x64
		{D12AA653-240C-4F24-93E3-782386EA8766}.Release|x64.Deploy.0 = Release|x64
		{D12AA653-240C-4F24-93E3-782386EA8766}.Release|x86.ActiveCfg = Release|x86
		{D12AA653-240C-4F24-93E3-782386EA8766}.Release|x86.Build.0 = Release|x86
		{D12AA653-240C-4F24-93E3-782386EA8766}.Release|x86.Deploy.0 = Release|x86
		{AB556278-3B41-4D30-92B2-ECECA005E816}.Ad-Hoc|Any CPU.ActiveCfg = Release|Any CPU
		{AB556278-3B41-4D30-92B2-ECECA005E816}.Ad-Hoc|Any CPU.Build.0 = Release|Any CPU
		{AB556278-3B41-4D30-92B2-ECECA005E816}.Ad-Hoc|Any CPU.Deploy.0 = Release|Any CPU
		{AB556278-3B41-4D30-92B2-ECECA005E816}.Ad-Hoc|ARM.ActiveCfg = Release|ARM
		{AB556278-3B41-4D30-92B2-ECECA005E816}.Ad-Hoc|ARM.Build.0 = Release|ARM
		{AB556278-3B41-4D30-92B2-ECECA005E816}.Ad-Hoc|ARM.Deploy.0 = Release|ARM
		{AB556278-3B41-4D30-92B2-ECECA005E816}.Ad-Hoc|iPhone.ActiveCfg = Release|Any CPU
		{AB556278-3B41-4D30-92B2-ECECA005E816}.Ad-Hoc|iPhone.Build.0 = Release|Any CPU
		{AB556278-3B41-4D30-92B2-ECECA005E816}.Ad-Hoc|iPhone.Deploy.0 = Release|Any CPU
		{AB556278-3B41-4D30-92B2-ECECA005E816}.Ad-Hoc|iPhoneSimulator.ActiveCfg = Release|Any CPU
		{AB556278-3B41-4D30-92B2-ECECA005E816}.Ad-Hoc|iPhoneSimulator.Build.0 = Release|Any CPU
		{AB556278-3B41-4D30-92B2-ECECA005E816}.Ad-Hoc|iPhoneSimulator.Deploy.0 = Release|Any CPU
		{AB556278-3B41-4D30-92B2-ECECA005E816}.Ad-Hoc|x64.ActiveCfg = Release|x64
		{AB556278-3B41-4D30-92B2-ECECA005E816}.Ad-Hoc|x64.Build.0 = Release|x64
		{AB556278-3B41-4D30-92B2-ECECA005E816}.Ad-Hoc|x64.Deploy.0 = Release|x64
		{AB556278-3B41-4D30-92B2-ECECA005E816}.Ad-Hoc|x86.ActiveCfg = Release|x86
		{AB556278-3B41-4D30-92B2-ECECA005E816}.Ad-Hoc|x86.Build.0 = Release|x86
		{AB556278-3B41-4D30-92B2-ECECA005E816}.Ad-Hoc|x86.Deploy.0 = Release|x86
		{AB556278-3B41-4D30-92B2-ECECA005E816}.AppStore|Any CPU.ActiveCfg = Release|Any CPU
		{AB556278-3B41-4D30-92B2-ECECA005E816}.AppStore|Any CPU.Build.0 = Release|Any CPU
		{AB556278-3B41-4D30-92B2-ECECA005E816}.AppStore|Any CPU.Deploy.0 = Release|Any CPU
		{AB556278-3B41-4D30-92B2-ECECA005E816}.AppStore|ARM.ActiveCfg = Release|ARM
		{AB556278-3B41-4D30-92B2-ECECA005E816}.AppStore|ARM.Build.0 = Release|ARM
		{AB556278-3B41-4D30-92B2-ECECA005E816}.AppStore|ARM.Deploy.0 = Release|ARM
		{AB556278-3B41-4D30-92B2-ECECA005E816}.AppStore|iPhone.ActiveCfg = Release|Any CPU
		{AB556278-3B41-4D30-92B2-ECECA005E816}.AppStore|iPhone.Build.0 = Release|Any CPU
		{AB556278-3B41-4D30-92B2-ECECA005E816}.AppStore|iPhone.Deploy.0 = Release|Any CPU
		{AB556278-3B41-4D30-92B2-ECECA005E816}.AppStore|iPhoneSimulator.ActiveCfg = Release|Any CPU
		{AB556278-3B41-4D30-92B2-ECECA005E816}.AppStore|iPhoneSimulator.Build.0 = Release|Any CPU
		{AB556278-3B41-4D30-92B2-ECECA005E816}.AppStore|iPhoneSimulator.Deploy.0 = Release|Any CPU
		{AB556278-3B41-4D30-92B2-ECECA005E816}.AppStore|x64.ActiveCfg = Release|x64
		{AB556278-3B41-4D30-92B2-ECECA005E816}.AppStore|x64.Build.0 = Release|x64
		{AB556278-3B41-4D30-92B2-ECECA005E816}.AppStore|x64.Deploy.0 = Release|x64
		{AB556278-3B41-4D30-92B2-ECECA005E816}.AppStore|x86.ActiveCfg = Release|x86
		{AB556278-3B41-4D30-92B2-ECECA005E816}.AppStore|x86.Build.0 = Release|x86
		{AB556278-3B41-4D30-92B2-ECECA005E816}.AppStore|x86.Deploy.0 = Release|x86
		{AB556278-3B41-4D30-92B2-ECECA005E816}.Debug|Any CPU.ActiveCfg = Debug|Any CPU
		{AB556278-3B41-4D30-92B2-ECECA005E816}.Debug|Any CPU.Build.0 = Debug|Any CPU
		{AB556278-3B41-4D30-92B2-ECECA005E816}.Debug|Any CPU.Deploy.0 = Debug|Any CPU
		{AB556278-3B41-4D30-92B2-ECECA005E816}.Debug|ARM.ActiveCfg = Debug|ARM
		{AB556278-3B41-4D30-92B2-ECECA005E816}.Debug|ARM.Build.0 = Debug|ARM
		{AB556278-3B41-4D30-92B2-ECECA005E816}.Debug|ARM.Deploy.0 = Debug|ARM
		{AB556278-3B41-4D30-92B2-ECECA005E816}.Debug|iPhone.ActiveCfg = Debug|Any CPU
		{AB556278-3B41-4D30-92B2-ECECA005E816}.Debug|iPhone.Build.0 = Debug|Any CPU
		{AB556278-3B41-4D30-92B2-ECECA005E816}.Debug|iPhone.Deploy.0 = Debug|Any CPU
		{AB556278-3B41-4D30-92B2-ECECA005E816}.Debug|iPhoneSimulator.ActiveCfg = Debug|Any CPU
		{AB556278-3B41-4D30-92B2-ECECA005E816}.Debug|iPhoneSimulator.Build.0 = Debug|Any CPU
		{AB556278-3B41-4D30-92B2-ECECA005E816}.Debug|iPhoneSimulator.Deploy.0 = Debug|Any CPU
		{AB556278-3B41-4D30-92B2-ECECA005E816}.Debug|x64.ActiveCfg = Debug|x64
		{AB556278-3B41-4D30-92B2-ECECA005E816}.Debug|x64.Build.0 = Debug|x64
		{AB556278-3B41-4D30-92B2-ECECA005E816}.Debug|x64.Deploy.0 = Debug|x64
		{AB556278-3B41-4D30-92B2-ECECA005E816}.Debug|x86.ActiveCfg = Debug|x86
		{AB556278-3B41-4D30-92B2-ECECA005E816}.Debug|x86.Build.0 = Debug|x86
		{AB556278-3B41-4D30-92B2-ECECA005E816}.Debug|x86.Deploy.0 = Debug|x86
		{AB556278-3B41-4D30-92B2-ECECA005E816}.Release|Any CPU.ActiveCfg = Release|Any CPU
		{AB556278-3B41-4D30-92B2-ECECA005E816}.Release|Any CPU.Build.0 = Release|Any CPU
		{AB556278-3B41-4D30-92B2-ECECA005E816}.Release|Any CPU.Deploy.0 = Release|Any CPU
		{AB556278-3B41-4D30-92B2-ECECA005E816}.Release|ARM.ActiveCfg = Release|ARM
		{AB556278-3B41-4D30-92B2-ECECA005E816}.Release|ARM.Build.0 = Release|ARM
		{AB556278-3B41-4D30-92B2-ECECA005E816}.Release|ARM.Deploy.0 = Release|ARM
		{AB556278-3B41-4D30-92B2-ECECA005E816}.Release|iPhone.ActiveCfg = Release|Any CPU
		{AB556278-3B41-4D30-92B2-ECECA005E816}.Release|iPhone.Build.0 = Release|Any CPU
		{AB556278-3B41-4D30-92B2-ECECA005E816}.Release|iPhone.Deploy.0 = Release|Any CPU
		{AB556278-3B41-4D30-92B2-ECECA005E816}.Release|iPhoneSimulator.ActiveCfg = Release|Any CPU
		{AB556278-3B41-4D30-92B2-ECECA005E816}.Release|iPhoneSimulator.Build.0 = Release|Any CPU
		{AB556278-3B41-4D30-92B2-ECECA005E816}.Release|iPhoneSimulator.Deploy.0 = Release|Any CPU
		{AB556278-3B41-4D30-92B2-ECECA005E816}.Release|x64.ActiveCfg = Release|x64
		{AB556278-3B41-4D30-92B2-ECECA005E816}.Release|x64.Build.0 = Release|x64
		{AB556278-3B41-4D30-92B2-ECECA005E816}.Release|x64.Deploy.0 = Release|x64
		{AB556278-3B41-4D30-92B2-ECECA005E816}.Release|x86.ActiveCfg = Release|x86
		{AB556278-3B41-4D30-92B2-ECECA005E816}.Release|x86.Build.0 = Release|x86
		{AB556278-3B41-4D30-92B2-ECECA005E816}.Release|x86.Deploy.0 = Release|x86
		{B5C84C67-4813-4FB6-A04A-567EF8313F9E}.Ad-Hoc|Any CPU.ActiveCfg = Release|Any CPU
		{B5C84C67-4813-4FB6-A04A-567EF8313F9E}.Ad-Hoc|Any CPU.Build.0 = Release|Any CPU
		{B5C84C67-4813-4FB6-A04A-567EF8313F9E}.Ad-Hoc|ARM.ActiveCfg = Release|Any CPU
		{B5C84C67-4813-4FB6-A04A-567EF8313F9E}.Ad-Hoc|ARM.Build.0 = Release|Any CPU
		{B5C84C67-4813-4FB6-A04A-567EF8313F9E}.Ad-Hoc|iPhone.ActiveCfg = Release|Any CPU
		{B5C84C67-4813-4FB6-A04A-567EF8313F9E}.Ad-Hoc|iPhone.Build.0 = Release|Any CPU
		{B5C84C67-4813-4FB6-A04A-567EF8313F9E}.Ad-Hoc|iPhoneSimulator.ActiveCfg = Release|Any CPU
		{B5C84C67-4813-4FB6-A04A-567EF8313F9E}.Ad-Hoc|iPhoneSimulator.Build.0 = Release|Any CPU
		{B5C84C67-4813-4FB6-A04A-567EF8313F9E}.Ad-Hoc|x64.ActiveCfg = Release|Any CPU
		{B5C84C67-4813-4FB6-A04A-567EF8313F9E}.Ad-Hoc|x64.Build.0 = Release|Any CPU
		{B5C84C67-4813-4FB6-A04A-567EF8313F9E}.Ad-Hoc|x86.ActiveCfg = Release|Any CPU
		{B5C84C67-4813-4FB6-A04A-567EF8313F9E}.Ad-Hoc|x86.Build.0 = Release|Any CPU
		{B5C84C67-4813-4FB6-A04A-567EF8313F9E}.AppStore|Any CPU.ActiveCfg = Release|Any CPU
		{B5C84C67-4813-4FB6-A04A-567EF8313F9E}.AppStore|Any CPU.Build.0 = Release|Any CPU
		{B5C84C67-4813-4FB6-A04A-567EF8313F9E}.AppStore|ARM.ActiveCfg = Release|Any CPU
		{B5C84C67-4813-4FB6-A04A-567EF8313F9E}.AppStore|ARM.Build.0 = Release|Any CPU
		{B5C84C67-4813-4FB6-A04A-567EF8313F9E}.AppStore|iPhone.ActiveCfg = Release|Any CPU
		{B5C84C67-4813-4FB6-A04A-567EF8313F9E}.AppStore|iPhone.Build.0 = Release|Any CPU
		{B5C84C67-4813-4FB6-A04A-567EF8313F9E}.AppStore|iPhoneSimulator.ActiveCfg = Release|Any CPU
		{B5C84C67-4813-4FB6-A04A-567EF8313F9E}.AppStore|iPhoneSimulator.Build.0 = Release|Any CPU
		{B5C84C67-4813-4FB6-A04A-567EF8313F9E}.AppStore|x64.ActiveCfg = Release|Any CPU
		{B5C84C67-4813-4FB6-A04A-567EF8313F9E}.AppStore|x64.Build.0 = Release|Any CPU
		{B5C84C67-4813-4FB6-A04A-567EF8313F9E}.AppStore|x86.ActiveCfg = Release|Any CPU
		{B5C84C67-4813-4FB6-A04A-567EF8313F9E}.AppStore|x86.Build.0 = Release|Any CPU
		{B5C84C67-4813-4FB6-A04A-567EF8313F9E}.Debug|Any CPU.ActiveCfg = Debug|Any CPU
		{B5C84C67-4813-4FB6-A04A-567EF8313F9E}.Debug|Any CPU.Build.0 = Debug|Any CPU
		{B5C84C67-4813-4FB6-A04A-567EF8313F9E}.Debug|ARM.ActiveCfg = Debug|Any CPU
		{B5C84C67-4813-4FB6-A04A-567EF8313F9E}.Debug|ARM.Build.0 = Debug|Any CPU
		{B5C84C67-4813-4FB6-A04A-567EF8313F9E}.Debug|iPhone.ActiveCfg = Debug|Any CPU
		{B5C84C67-4813-4FB6-A04A-567EF8313F9E}.Debug|iPhone.Build.0 = Debug|Any CPU
		{B5C84C67-4813-4FB6-A04A-567EF8313F9E}.Debug|iPhoneSimulator.ActiveCfg = Debug|Any CPU
		{B5C84C67-4813-4FB6-A04A-567EF8313F9E}.Debug|iPhoneSimulator.Build.0 = Debug|Any CPU
		{B5C84C67-4813-4FB6-A04A-567EF8313F9E}.Debug|x64.ActiveCfg = Debug|Any CPU
		{B5C84C67-4813-4FB6-A04A-567EF8313F9E}.Debug|x64.Build.0 = Debug|Any CPU
		{B5C84C67-4813-4FB6-A04A-567EF8313F9E}.Debug|x86.ActiveCfg = Debug|Any CPU
		{B5C84C67-4813-4FB6-A04A-567EF8313F9E}.Debug|x86.Build.0 = Debug|Any CPU
		{B5C84C67-4813-4FB6-A04A-567EF8313F9E}.Release|Any CPU.ActiveCfg = Release|Any CPU
		{B5C84C67-4813-4FB6-A04A-567EF8313F9E}.Release|Any CPU.Build.0 = Release|Any CPU
		{B5C84C67-4813-4FB6-A04A-567EF8313F9E}.Release|ARM.ActiveCfg = Release|Any CPU
		{B5C84C67-4813-4FB6-A04A-567EF8313F9E}.Release|ARM.Build.0 = Release|Any CPU
		{B5C84C67-4813-4FB6-A04A-567EF8313F9E}.Release|iPhone.ActiveCfg = Release|Any CPU
		{B5C84C67-4813-4FB6-A04A-567EF8313F9E}.Release|iPhone.Build.0 = Release|Any CPU
		{B5C84C67-4813-4FB6-A04A-567EF8313F9E}.Release|iPhoneSimulator.ActiveCfg = Release|Any CPU
		{B5C84C67-4813-4FB6-A04A-567EF8313F9E}.Release|iPhoneSimulator.Build.0 = Release|Any CPU
		{B5C84C67-4813-4FB6-A04A-567EF8313F9E}.Release|x64.ActiveCfg = Release|Any CPU
		{B5C84C67-4813-4FB6-A04A-567EF8313F9E}.Release|x64.Build.0 = Release|Any CPU
		{B5C84C67-4813-4FB6-A04A-567EF8313F9E}.Release|x86.ActiveCfg = Release|Any CPU
		{B5C84C67-4813-4FB6-A04A-567EF8313F9E}.Release|x86.Build.0 = Release|Any CPU
	EndGlobalSection
	GlobalSection(SolutionProperties) = preSolution
		HideSolutionNode = FALSE
	EndGlobalSection
EndGlobal
