
Microsoft Visual Studio Solution File, Format Version 12.00
# Visual Studio 14
VisualStudioVersion = 14.0.25123.0
MinimumVisualStudioVersion = 10.0.40219.1
Project("{FAE04EC0-301F-11D3-BF4B-00C04F79EFBC}") = "HelloXamarinNative.iOS", "HelloXamarinNative.iOS\HelloXamarinNative.iOS.csproj", "{07F84CF9-2206-4C26-8441-175A498398E2}"
EndProject
Project("{FAE04EC0-301F-11D3-BF4B-00C04F79EFBC}") = "HelloXamarinNative.Droid", "HelloXamarinNative.Droid\HelloXamarinNative.Droid.csproj", "{28364B65-0BF3-4219-9E72-5421E2D5C52A}"
EndProject
Global
	GlobalSection(SolutionConfigurationPlatforms) = preSolution
		Ad-Hoc|Any CPU = Ad-Hoc|Any CPU
		Ad-Hoc|iPhone = Ad-Hoc|iPhone
		Ad-Hoc|iPhoneSimulator = Ad-Hoc|iPhoneSimulator
		AppStore|Any CPU = AppStore|Any CPU
		AppStore|iPhone = AppStore|iPhone
		AppStore|iPhoneSimulator = AppStore|iPhoneSimulator
		Debug|Any CPU = Debug|Any CPU
		Debug|iPhone = Debug|iPhone
		Debug|iPhoneSimulator = Debug|iPhoneSimulator
		Release|Any CPU = Release|Any CPU
		Release|iPhone = Release|iPhone
		Release|iPhoneSimulator = Release|iPhoneSimulator
	EndGlobalSection
	GlobalSection(ProjectConfigurationPlatforms) = postSolution
		{07F84CF9-2206-4C26-8441-175A498398E2}.Ad-Hoc|Any CPU.ActiveCfg = Ad-Hoc|iPhone
		{07F84CF9-2206-4C26-8441-175A498398E2}.Ad-Hoc|iPhone.ActiveCfg = Ad-Hoc|iPhone
		{07F84CF9-2206-4C26-8441-175A498398E2}.Ad-Hoc|iPhone.Build.0 = Ad-Hoc|iPhone
		{07F84CF9-2206-4C26-8441-175A498398E2}.Ad-Hoc|iPhoneSimulator.ActiveCfg = Ad-Hoc|iPhoneSimulator
		{07F84CF9-2206-4C26-8441-175A498398E2}.Ad-Hoc|iPhoneSimulator.Build.0 = Ad-Hoc|iPhoneSimulator
		{07F84CF9-2206-4C26-8441-175A498398E2}.AppStore|Any CPU.ActiveCfg = AppStore|iPhone
		{07F84CF9-2206-4C26-8441-175A498398E2}.AppStore|iPhone.ActiveCfg = AppStore|iPhone
		{07F84CF9-2206-4C26-8441-175A498398E2}.AppStore|iPhone.Build.0 = AppStore|iPhone
		{07F84CF9-2206-4C26-8441-175A498398E2}.AppStore|iPhoneSimulator.ActiveCfg = AppStore|iPhoneSimulator
		{07F84CF9-2206-4C26-8441-175A498398E2}.AppStore|iPhoneSimulator.Build.0 = AppStore|iPhoneSimulator
		{07F84CF9-2206-4C26-8441-175A498398E2}.Debug|Any CPU.ActiveCfg = Debug|iPhone
		{07F84CF9-2206-4C26-8441-175A498398E2}.Debug|iPhone.ActiveCfg = Debug|iPhone
		{07F84CF9-2206-4C26-8441-175A498398E2}.Debug|iPhone.Build.0 = Debug|iPhone
		{07F84CF9-2206-4C26-8441-175A498398E2}.Debug|iPhoneSimulator.ActiveCfg = Debug|iPhoneSimulator
		{07F84CF9-2206-4C26-8441-175A498398E2}.Debug|iPhoneSimulator.Build.0 = Debug|iPhoneSimulator
		{07F84CF9-2206-4C26-8441-175A498398E2}.Release|Any CPU.ActiveCfg = Release|iPhone
		{07F84CF9-2206-4C26-8441-175A498398E2}.Release|iPhone.ActiveCfg = Release|iPhone
		{07F84CF9-2206-4C26-8441-175A498398E2}.Release|iPhone.Build.0 = Release|iPhone
		{07F84CF9-2206-4C26-8441-175A498398E2}.Release|iPhoneSimulator.ActiveCfg = Release|iPhoneSimulator
		{07F84CF9-2206-4C26-8441-175A498398E2}.Release|iPhoneSimulator.Build.0 = Release|iPhoneSimulator
		{28364B65-0BF3-4219-9E72-5421E2D5C52A}.Ad-Hoc|Any CPU.ActiveCfg = Release|Any CPU
		{28364B65-0BF3-4219-9E72-5421E2D5C52A}.Ad-Hoc|Any CPU.Build.0 = Release|Any CPU
		{28364B65-0BF3-4219-9E72-5421E2D5C52A}.Ad-Hoc|Any CPU.Deploy.0 = Release|Any CPU
		{28364B65-0BF3-4219-9E72-5421E2D5C52A}.Ad-Hoc|iPhone.ActiveCfg = Release|Any CPU
		{28364B65-0BF3-4219-9E72-5421E2D5C52A}.Ad-Hoc|iPhone.Build.0 = Release|Any CPU
		{28364B65-0BF3-4219-9E72-5421E2D5C52A}.Ad-Hoc|iPhone.Deploy.0 = Release|Any CPU
		{28364B65-0BF3-4219-9E72-5421E2D5C52A}.Ad-Hoc|iPhoneSimulator.ActiveCfg = Release|Any CPU
		{28364B65-0BF3-4219-9E72-5421E2D5C52A}.Ad-Hoc|iPhoneSimulator.Build.0 = Release|Any CPU
		{28364B65-0BF3-4219-9E72-5421E2D5C52A}.Ad-Hoc|iPhoneSimulator.Deploy.0 = Release|Any CPU
		{28364B65-0BF3-4219-9E72-5421E2D5C52A}.AppStore|Any CPU.ActiveCfg = Release|Any CPU
		{28364B65-0BF3-4219-9E72-5421E2D5C52A}.AppStore|Any CPU.Build.0 = Release|Any CPU
		{28364B65-0BF3-4219-9E72-5421E2D5C52A}.AppStore|Any CPU.Deploy.0 = Release|Any CPU
		{28364B65-0BF3-4219-9E72-5421E2D5C52A}.AppStore|iPhone.ActiveCfg = Release|Any CPU
		{28364B65-0BF3-4219-9E72-5421E2D5C52A}.AppStore|iPhone.Build.0 = Release|Any CPU
		{28364B65-0BF3-4219-9E72-5421E2D5C52A}.AppStore|iPhone.Deploy.0 = Release|Any CPU
		{28364B65-0BF3-4219-9E72-5421E2D5C52A}.AppStore|iPhoneSimulator.ActiveCfg = Release|Any CPU
		{28364B65-0BF3-4219-9E72-5421E2D5C52A}.AppStore|iPhoneSimulator.Build.0 = Release|Any CPU
		{28364B65-0BF3-4219-9E72-5421E2D5C52A}.AppStore|iPhoneSimulator.Deploy.0 = Release|Any CPU
		{28364B65-0BF3-4219-9E72-5421E2D5C52A}.Debug|Any CPU.ActiveCfg = Debug|Any CPU
		{28364B65-0BF3-4219-9E72-5421E2D5C52A}.Debug|Any CPU.Build.0 = Debug|Any CPU
		{28364B65-0BF3-4219-9E72-5421E2D5C52A}.Debug|Any CPU.Deploy.0 = Debug|Any CPU
		{28364B65-0BF3-4219-9E72-5421E2D5C52A}.Debug|iPhone.ActiveCfg = Debug|Any CPU
		{28364B65-0BF3-4219-9E72-5421E2D5C52A}.Debug|iPhone.Build.0 = Debug|Any CPU
		{28364B65-0BF3-4219-9E72-5421E2D5C52A}.Debug|iPhone.Deploy.0 = Debug|Any CPU
		{28364B65-0BF3-4219-9E72-5421E2D5C52A}.Debug|iPhoneSimulator.ActiveCfg = Debug|Any CPU
		{28364B65-0BF3-4219-9E72-5421E2D5C52A}.Debug|iPhoneSimulator.Build.0 = Debug|Any CPU
		{28364B65-0BF3-4219-9E72-5421E2D5C52A}.Debug|iPhoneSimulator.Deploy.0 = Debug|Any CPU
		{28364B65-0BF3-4219-9E72-5421E2D5C52A}.Release|Any CPU.ActiveCfg = Release|Any CPU
		{28364B65-0BF3-4219-9E72-5421E2D5C52A}.Release|Any CPU.Build.0 = Release|Any CPU
		{28364B65-0BF3-4219-9E72-5421E2D5C52A}.Release|Any CPU.Deploy.0 = Release|Any CPU
		{28364B65-0BF3-4219-9E72-5421E2D5C52A}.Release|iPhone.ActiveCfg = Release|Any CPU
		{28364B65-0BF3-4219-9E72-5421E2D5C52A}.Release|iPhone.Build.0 = Release|Any CPU
		{28364B65-0BF3-4219-9E72-5421E2D5C52A}.Release|iPhone.Deploy.0 = Release|Any CPU
		{28364B65-0BF3-4219-9E72-5421E2D5C52A}.Release|iPhoneSimulator.ActiveCfg = Release|Any CPU
		{28364B65-0BF3-4219-9E72-5421E2D5C52A}.Release|iPhoneSimulator.Build.0 = Release|Any CPU
		{28364B65-0BF3-4219-9E72-5421E2D5C52A}.Release|iPhoneSimulator.Deploy.0 = Release|Any CPU
	EndGlobalSection
	GlobalSection(SolutionProperties) = preSolution
		HideSolutionNode = FALSE
	EndGlobalSection
EndGlobal
